
Microsoft Visual Studio Solution File, Format Version 12.00
# Visual Studio 15
VisualStudioVersion = 15.0.27130.2036
MinimumVisualStudioVersion = 10.0.40219.1
Project("{FAE04EC0-301F-11D3-BF4B-00C04F79EFBC}") = "WeighingScaleCalibration", "WeighingScaleCalibration.csproj", "{8D821012-B6BF-41C6-A73D-DDB314EE1511}"
EndProject
Global
	GlobalSection(SolutionConfigurationPlatforms) = preSolution
		Debug|Any CPU = Debug|Any CPU
		Release|Any CPU = Release|Any CPU
	EndGlobalSection
	GlobalSection(ProjectConfigurationPlatforms) = postSolution
		{8D821012-B6BF-41C6-A73D-DDB314EE1511}.Debug|Any CPU.ActiveCfg = Debug|Any CPU
		{8D821012-B6BF-41C6-A73D-DDB314EE1511}.Debug|Any CPU.Build.0 = Debug|Any CPU
		{8D821012-B6BF-41C6-A73D-DDB314EE1511}.Release|Any CPU.ActiveCfg = Release|Any CPU
		{8D821012-B6BF-41C6-A73D-DDB314EE1511}.Release|Any CPU.Build.0 = Release|Any CPU
	EndGlobalSection
	GlobalSection(SolutionProperties) = preSolution
		HideSolutionNode = FALSE
	EndGlobalSection
	GlobalSection(ExtensibilityGlobals) = postSolution
		SolutionGuid = {633C3800-8F2E-4449-804C-1E8944311EF2}
	EndGlobalSection
EndGlobal
